{
  "name": "jitsi-audio-puller",
  "version": "1.0.0",
  "lockfileVersion": 3,
  "requires": true,
  "packages": {
    "": {
      "name": "jitsi-audio-puller",
      "version": "1.0.0",
      "license": "MIT",
      "dependencies": {
        "@roamhq/wrtc": "^0.10.0",
        "jsdom": "^26.0.0",
        "lib-jitsi-meet": "https://github.com/jitsi/lib-jitsi-meet/releases/download/v2155.0.0%2B9624ece9/lib-jitsi-meet.tgz"
      },
      "engines": {
        "node": ">=20"
      }
    },
    "node_modules/@asamuzakjp/css-color": {
      "version": "3.2.0",
      "resolved": "https://registry.npmjs.org/@asamuzakjp/css-color/-/css-color-3.2.0.tgz",
      "integrity": "sha512-K1A6z8tS3XsmCMM86xoWdn7Fkdn9m6RSVtocUrJYIwZnFVkng/PvkEoWtOWmP+Scc6saYWHWZYbndEEXxl24jw==",
      "license": "MIT",
      "dependencies": {
        "@csstools/css-calc": "^2.1.3",
        "@csstools/css-color-parser": "^3.0.9",
        "@csstools/css-parser-algorithms": "^3.0.4",
        "@csstools/css-tokenizer": "^3.0.3",
        "lru-cache": "^10.4.3"
      }
    },
    "node_modules/@csstools/color-helpers": {
      "version": "5.1.0",
      "resolved": "https://registry.npmjs.org/@csstools/color-helpers/-/color-helpers-5.1.0.tgz",
      "integrity": "sha512-S11EXWJyy0Mz5SYvRmY8nJYTFFd1LCNV+7cXyAgQtOOuzb4EsgfqDufL+9esx72/eLhsRdGZwaldu/h+E4t4BA==",
      "funding": [
        {
          "type": "github",
          "url": "https://github.com/sponsors/csstools"
        },
        {
          "type": "opencollective",
          "url": "https://opencollective.com/csstools"
        }
      ],
      "license": "MIT-0",
      "engines": {
        "node": ">=18"
      }
    },
    "node_modules/@csstools/css-calc": {
      "version": "2.1.4",
      "resolved": "https://registry.npmjs.org/@csstools/css-calc/-/css-calc-2.1.4.tgz",
      "integrity": "sha512-3N8oaj+0juUw/1H3YwmDDJXCgTB1gKU6Hc/bB502u9zR0q2vd786XJH9QfrKIEgFlZmhZiq6epXl4rHqhzsIgQ==",
      "funding": [
        {
          "type": "github",
          "url": "https://github.com/sponsors/csstools"
        },
        {
          "type": "opencollective",
          "url": "https://opencollective.com/csstools"
        }
      ],
      "license": "MIT",
      "engines": {
        "node": ">=18"
      },
      "peerDependencies": {
        "@csstools/css-parser-algorithms": "^3.0.5",
        "@csstools/css-tokenizer": "^3.0.4"
      }
    },
    "node_modules/@csstools/css-color-parser": {
      "version": "3.1.0",
      "resolved": "https://registry.npmjs.org/@csstools/css-color-parser/-/css-color-parser-3.1.0.tgz",
      "integrity": "sha512-nbtKwh3a6xNVIp/VRuXV64yTKnb1IjTAEEh3irzS+HkKjAOYLTGNb9pmVNntZ8iVBHcWDA2Dof0QtPgFI1BaTA==",
      "funding": [
        {
          "type": "github",
          "url": "https://github.com/sponsors/csstools"
        },
        {
          "type": "opencollective",
          "url": "https://opencollective.com/csstools"
        }
      ],
      "license": "MIT",
      "dependencies": {
        "@csstools/color-helpers": "^5.1.0",
        "@csstools/css-calc": "^2.1.4"
      },
      "engines": {
        "node": ">=18"
      },
      "peerDependencies": {
        "@csstools/css-parser-algorithms": "^3.0.5",
        "@csstools/css-tokenizer": "^3.0.4"
      }
    },
    "node_modules/@csstools/css-parser-algorithms": {
      "version": "3.0.5",
      "resolved": "https://registry.npmjs.org/@csstools/css-parser-algorithms/-/css-parser-algorithms-3.0.5.tgz",
      "integrity": "sha512-DaDeUkXZKjdGhgYaHNJTV9pV7Y9B3b644jCLs9Upc3VeNGg6LWARAT6O+Q+/COo+2gg/bM5rhpMAtf70WqfBdQ==",
      "funding": [
        {
          "type": "github",
          "url": "https://github.com/sponsors/csstools"
        },
        {
          "type": "opencollective",
          "url": "https://opencollective.com/csstools"
        }
      ],
      "license": "MIT",
      "engines": {
        "node": ">=18"
      },
      "peerDependencies": {
        "@csstools/css-tokenizer": "^3.0.4"
      }
    },
    "node_modules/@csstools/css-tokenizer": {
      "version": "3.0.4",
      "resolved": "https://registry.npmjs.org/@csstools/css-tokenizer/-/css-tokenizer-3.0.4.tgz",
      "integrity": "sha512-Vd/9EVDiu6PPJt9yAh6roZP6El1xHrdvIVGjyBsHR0RYwNHgL7FJPyIIW4fANJNG6FtyZfvlRPpFI4ZM/lubvw==",
      "funding": [
        {
          "type": "github",
          "url": "https://github.com/sponsors/csstools"
        },
        {
          "type": "opencollective",
          "url": "https://opencollective.com/csstools"
        }
      ],
      "license": "MIT",
      "engines": {
        "node": ">=18"
      }
    },
    "node_modules/@hapi/bourne": {
      "version": "3.0.0",
      "resolved": "https://registry.npmjs.org/@hapi/bourne/-/bourne-3.0.0.tgz",
      "integrity": "sha512-Waj1cwPXJDucOib4a3bAISsKJVb15MKi9IvmTI/7ssVEm6sywXGjVJDhl6/umt1pK1ZS7PacXU3A1PmFKHEZ2w==",
      "license": "BSD-3-Clause"
    },
    "node_modules/@jitsi/js-utils": {
      "version": "2.8.2",
      "resolved": "https://registry.npmjs.org/@jitsi/js-utils/-/js-utils-2.8.2.tgz",
      "integrity": "sha512-tMFuci2lPmbQIFF/f3b5QdkL1vzY6sii9nj0e+K0EEJcFUJiX/QVkv5GbI6pMZ74BYAQXGFZqeASo8hKItniUA==",
      "license": "Apache-2.0",
      "dependencies": {
        "@hapi/bourne": "3.0.0",
        "js-md5": "0.7.3",
        "ua-parser-js": "1.0.35"
      }
    },
    "node_modules/@jitsi/logger": {
      "version": "2.1.1",
      "resolved": "https://registry.npmjs.org/@jitsi/logger/-/logger-2.1.1.tgz",
      "integrity": "sha512-adMtODSXvYJtqfRuDwxN1hNWPJ4gvp868G7QXII3ajSgPaE2mMcbLYRHy6mZZlQJGnxr0dDaivOrvV6CikHZNQ=="
    },
    "node_modules/@jitsi/precall-test": {
      "version": "1.0.6",
      "resolved": "https://registry.npmjs.org/@jitsi/precall-test/-/precall-test-1.0.6.tgz",
      "integrity": "sha512-L/gnRjnFxpQqvfILXeFoVTHEtwL01zoSKAIqMVxMmaD0ahozML8uztlxRPlYSbKrT31j3Cm1ss9KdSNeO3f9FQ==",
      "license": "Apache-2.0"
    },
    "node_modules/@jitsi/rtcstats": {
      "version": "9.7.1",
      "resolved": "https://registry.npmjs.org/@jitsi/rtcstats/-/rtcstats-9.7.1.tgz",
      "integrity": "sha512-a8LVqzlBNh/fLnDfE4HcnutQ8Dpki31wmHw2pMS5Qu+shhzfZKUSb2NimPXT0l7WwkFqVflYGiQhfsavXPcMog==",
      "license": "MIT",
      "dependencies": {
        "@jitsi/js-utils": "^2.2.0",
        "@jitsi/logger": "2.0.2",
        "sdp": "^3.0.3",
        "uuid": "^8.3.2"
      }
    },
    "node_modules/@jitsi/rtcstats/node_modules/@jitsi/logger": {
      "version": "2.0.2",
      "resolved": "https://registry.npmjs.org/@jitsi/logger/-/logger-2.0.2.tgz",
      "integrity": "sha512-qwbpRwuwkBFgh0F5jivq/5fAm46yVoXURc5LCklEs8lAShYVangFEXKW7RLpZuZ5nQnrHrlvU8MswQNREmvahg=="
    },
    "node_modules/@jitsi/rtcstats/node_modules/uuid": {
      "version": "8.3.2",
      "resolved": "https://registry.npmjs.org/uuid/-/uuid-8.3.2.tgz",
      "integrity": "sha512-+NYs2QeMWy+GWFOEm9xnn6HCDp0l7QBD7ml8zLUmJ+93Q5NF0NocErnwkTkXVFNiX3/fpC6afS8Dhb/gz7R7eg==",
      "deprecated": "uuid@10 and below is no longer supported.  For ESM codebases, update to uuid@latest.  For CommonJS codebases, use uuid@11 (but be aware this version will likely be deprecated in 2028).",
      "license": "MIT",
      "bin": {
        "uuid": "dist/bin/uuid"
      }
    },
    "node_modules/@roamhq/wrtc": {
      "version": "0.10.0",
      "resolved": "https://registry.npmjs.org/@roamhq/wrtc/-/wrtc-0.10.0.tgz",
      "integrity": "sha512-yFqQQ0EV1ZUHaphh3tmjoxPi2wzhW2vjmzoAVNRRLUjXYd2e1nvwi9TKfE2w4WNvNws/hBkouvOt23Xo9FkXkQ==",
      "license": "BSD-2-Clause",
      "optionalDependencies": {
        "@roamhq/wrtc-darwin-arm64": "0.10.0",
        "@roamhq/wrtc-darwin-x64": "0.10.0",
        "@roamhq/wrtc-linux-arm64": "0.10.0",
        "@roamhq/wrtc-linux-x64": "0.10.0",
        "@roamhq/wrtc-win32-x64": "0.10.0",
        "domexception": "^4.0.0"
      }
    },
    "node_modules/@roamhq/wrtc-darwin-arm64": {
      "version": "0.10.0",
      "resolved": "https://registry.npmjs.org/@roamhq/wrtc-darwin-arm64/-/wrtc-darwin-arm64-0.10.0.tgz",
      "integrity": "sha512-vFdi79jWuPHcnUcnuOjTvyKtmY/RI2xRQo9Y6RsIjIlYePN/7LTy00c+Ivrz4prYAPbp0oHscl7PDV64VUqGTQ==",
      "cpu": [
        "arm64"
      ],
      "license": "BSD-2-Clause",
      "optional": true,
      "os": [
        "darwin"
      ]
    },
    "node_modules/@roamhq/wrtc-darwin-x64": {
      "version": "0.10.0",
      "resolved": "https://registry.npmjs.org/@roamhq/wrtc-darwin-x64/-/wrtc-darwin-x64-0.10.0.tgz",
      "integrity": "sha512-H6852g2xYCuaR+/TrthpdMafs4bMfAUEpvRDhsIguzrK7Dz+MKpNI8MkwdqJN8W65J+7w7k+YqXIkTHe7Fz/cg==",
      "cpu": [
        "x64"
      ],
      "license": "BSD-2-Clause",
      "optional": true,
      "os": [
        "darwin"
      ]
    },
    "node_modules/@roamhq/wrtc-linux-arm64": {
      "version": "0.10.0",
      "resolved": "https://registry.npmjs.org/@roamhq/wrtc-linux-arm64/-/wrtc-linux-arm64-0.10.0.tgz",
      "integrity": "sha512-fEuJbNjprxQG6QlFd2iqBW9x028RDSho6izVg7gyt8irdPiXWOxzOxNnYMs/B2fohBTd1wD4Qxfivl07/dCR8A==",
      "cpu": [
        "arm64"
      ],
      "license": "BSD-2-Clause",
      "optional": true,
      "os": [
        "linux"
      ]
    },
    "node_modules/@roamhq/wrtc-linux-x64": {
      "version": "0.10.0",
      "resolved": "https://registry.npmjs.org/@roamhq/wrtc-linux-x64/-/wrtc-linux-x64-0.10.0.tgz",
      "integrity": "sha512-H32lK2eFg3sVb/9nkHIX5HIisxFoS82Gpesuea+zqAyRpRzSd5NpFXx28bVy9wQyRrNtj8k0bTUgEzWRzSbYCA==",
      "cpu": [
        "x64"
      ],
      "license": "BSD-2-Clause",
      "optional": true,
      "os": [
        "linux"
      ]
    },
    "node_modules/@roamhq/wrtc-win32-x64": {
      "version": "0.10.0",
      "resolved": "https://registry.npmjs.org/@roamhq/wrtc-win32-x64/-/wrtc-win32-x64-0.10.0.tgz",
      "integrity": "sha512-wEVXMvLrBizdLyrd+Zc7zb7zpwUuHUBXwrdIvI69e3i/AA8YsVYI2xo/sxk6GoQ+o8a14ONc4SStDS35TCjg+w==",
      "cpu": [
        "x64"
      ],
      "license": "BSD-2-Clause",
      "optional": true,
      "os": [
        "win32"
      ]
    },
    "node_modules/@testrtc/watchrtc-sdk": {
      "version": "1.38.2",
      "resolved": "https://registry.npmjs.org/@testrtc/watchrtc-sdk/-/watchrtc-sdk-1.38.2.tgz",
      "integrity": "sha512-IlusCskjqgTrroKCr2DQCviIZYe7J3arVUpoGtXc2MiYBeQ5sEs2Yzo6v07T3rDcN71BVBTZ1hXMZlZuqnKiyA==",
      "license": "ISC"
    },
    "node_modules/agent-base": {
      "version": "7.1.4",
      "resolved": "https://registry.npmjs.org/agent-base/-/agent-base-7.1.4.tgz",
      "integrity": "sha512-MnA+YT8fwfJPgBx3m60MNqakm30XOkyIoH1y6huTQvC0PwZG7ki8NacLBcrPbNoo8vEZy7Jpuk7+jMO+CUovTQ==",
      "license": "MIT",
      "engines": {
        "node": ">= 14"
      }
    },
    "node_modules/async-es": {
      "version": "3.2.4",
      "resolved": "https://registry.npmjs.org/async-es/-/async-es-3.2.4.tgz",
      "integrity": "sha512-GFHAAfmW7GzEiHFR6DvE5WMm6+js9pb+RLm+m1UpsyMX+I4j/R4QVw2Te664q+fvDVOz7Y0bORPDNvQS7BJ3Hw==",
      "license": "MIT"
    },
    "node_modules/base64-js": {
      "version": "1.5.1",
      "resolved": "https://registry.npmjs.org/base64-js/-/base64-js-1.5.1.tgz",
      "integrity": "sha512-AKpaYlHn8t4SVbOHCy+b5+KKgvR4vrsD8vbvrbiQJps7fKDTkjkDry6ji0rUJjC0kzbNePLwzxq8iypo41qeWA==",
      "funding": [
        {
          "type": "github",
          "url": "https://github.com/sponsors/feross"
        },
        {
          "type": "patreon",
          "url": "https://www.patreon.com/feross"
        },
        {
          "type": "consulting",
          "url": "https://feross.org/support"
        }
      ],
      "license": "MIT"
    },
    "node_modules/cssstyle": {
      "version": "4.6.0",
      "resolved": "https://registry.npmjs.org/cssstyle/-/cssstyle-4.6.0.tgz",
      "integrity": "sha512-2z+rWdzbbSZv6/rhtvzvqeZQHrBaqgogqt85sqFNbabZOuFbCVFb8kPeEtZjiKkbrm395irpNKiYeFeLiQnFPg==",
      "license": "MIT",
      "dependencies": {
        "@asamuzakjp/css-color": "^3.2.0",
        "rrweb-cssom": "^0.8.0"
      },
      "engines": {
        "node": ">=18"
      }
    },
    "node_modules/current-executing-script": {
      "version": "0.1.3",
      "resolved": "https://registry.npmjs.org/current-executing-script/-/current-executing-script-0.1.3.tgz",
      "integrity": "sha512-j1nG9I8jaHWniUxJGYkjF3jS98a/mU8tC971XJdrLXKRKSnwNgztd7pHElwdcfJwbQHvJeC9HhUz9NFE8or92g=="
    },
    "node_modules/data-urls": {
      "version": "5.0.0",
      "resolved": "https://registry.npmjs.org/data-urls/-/data-urls-5.0.0.tgz",
      "integrity": "sha512-ZYP5VBHshaDAiVZxjbRVcFJpc+4xGgT0bK3vzy1HLN8jTO975HEbuYzZJcHoQEY5K1a0z8YayJkyVETa08eNTg==",
      "license": "MIT",
      "dependencies": {
        "whatwg-mimetype": "^4.0.0",
        "whatwg-url": "^14.0.0"
      },
      "engines": {
        "node": ">=18"
      }
    },
    "node_modules/debug": {
      "version": "4.4.3",
      "resolved": "https://registry.npmjs.org/debug/-/debug-4.4.3.tgz",
      "integrity": "sha512-RGwwWnwQvkVfavKVt22FGLw+xYSdzARwm0ru6DhTVA3umU5hZc28V3kO4stgYryrTlLpuvgI9GiijltAjNbcqA==",
      "license": "MIT",
      "dependencies": {
        "ms": "^2.1.3"
      },
      "engines": {
        "node": ">=6.0"
      },
      "peerDependenciesMeta": {
        "supports-color": {
          "optional": true
        }
      }
    },
    "node_modules/decimal.js": {
      "version": "10.6.0",
      "resolved": "https://registry.npmjs.org/decimal.js/-/decimal.js-10.6.0.tgz",
      "integrity": "sha512-YpgQiITW3JXGntzdUmyUR1V812Hn8T1YVXhCu+wO3OpS4eU9l4YdD3qjyiKdV6mvV29zapkMeD390UVEf2lkUg==",
      "license": "MIT"
    },
    "node_modules/domexception": {
      "version": "4.0.0",
      "resolved": "https://registry.npmjs.org/domexception/-/domexception-4.0.0.tgz",
      "integrity": "sha512-A2is4PLG+eeSfoTMA95/s4pvAoSo2mKtiM5jlHkAVewmiO8ISFTFKZjH7UAM1Atli/OT/7JHOrJRJiMKUZKYBw==",
      "deprecated": "Use your platform's native DOMException instead",
      "license": "MIT",
      "optional": true,
      "dependencies": {
        "webidl-conversions": "^7.0.0"
      },
      "engines": {
        "node": ">=12"
      }
    },
    "node_modules/emoji-regex": {
      "version": "10.4.0",
      "resolved": "https://registry.npmjs.org/emoji-regex/-/emoji-regex-10.4.0.tgz",
      "integrity": "sha512-EC+0oUMY1Rqm4O6LLrgjtYDvcVYTy7chDnM4Q7030tP4Kwj3u/pR6gP9ygnp2CJMK5Gq+9Q2oqmrFJAz01DXjw==",
      "license": "MIT"
    },
    "node_modules/entities": {
      "version": "6.0.1",
      "resolved": "https://registry.npmjs.org/entities/-/entities-6.0.1.tgz",
      "integrity": "sha512-aN97NXWF6AWBTahfVOIrB/NShkzi5H7F9r1s9mD3cDj4Ko5f2qhhVoYMibXF7GlLveb/D2ioWay8lxI97Ven3g==",
      "license": "BSD-2-Clause",
      "engines": {
        "node": ">=0.12"
      },
      "funding": {
        "url": "https://github.com/fb55/entities?sponsor=1"
      }
    },
    "node_modules/html-encoding-sniffer": {
      "version": "4.0.0",
      "resolved": "https://registry.npmjs.org/html-encoding-sniffer/-/html-encoding-sniffer-4.0.0.tgz",
      "integrity": "sha512-Y22oTqIU4uuPgEemfz7NDJz6OeKf12Lsu+QC+s3BVpda64lTiMYCyGwg5ki4vFxkMwQdeZDl2adZoqUgdFuTgQ==",
      "license": "MIT",
      "dependencies": {
        "whatwg-encoding": "^3.1.1"
      },
      "engines": {
        "node": ">=18"
      }
    },
    "node_modules/http-proxy-agent": {
      "version": "7.0.2",
      "resolved": "https://registry.npmjs.org/http-proxy-agent/-/http-proxy-agent-7.0.2.tgz",
      "integrity": "sha512-T1gkAiYYDWYx3V5Bmyu7HcfcvL7mUrTWiM6yOfa3PIphViJ/gFPbvidQ+veqSOHci/PxBcDabeUNCzpOODJZig==",
      "license": "MIT",
      "dependencies": {
        "agent-base": "^7.1.0",
        "debug": "^4.3.4"
      },
      "engines": {
        "node": ">= 14"
      }
    },
    "node_modules/https-proxy-agent": {
      "version": "7.0.6",
      "resolved": "https://registry.npmjs.org/https-proxy-agent/-/https-proxy-agent-7.0.6.tgz",
      "integrity": "sha512-vK9P5/iUfdl95AI+JVyUuIcVtd4ofvtrOr3HNtM2yxC9bnMbEdp3x01OhQNnjb8IJYi38VlTE3mBXwcfvywuSw==",
      "license": "MIT",
      "dependencies": {
        "agent-base": "^7.1.2",
        "debug": "4"
      },
      "engines": {
        "node": ">= 14"
      }
    },
    "node_modules/iconv-lite": {
      "version": "0.6.3",
      "resolved": "https://registry.npmjs.org/iconv-lite/-/iconv-lite-0.6.3.tgz",
      "integrity": "sha512-4fCk79wshMdzMp2rH06qWrJE4iolqLhCUH+OiuIgU++RB0+94NlDL81atO7GX55uUKueo0txHNtvEyI6D7WdMw==",
      "license": "MIT",
      "dependencies": {
        "safer-buffer": ">= 2.1.2 < 3.0.0"
      },
      "engines": {
        "node": ">=0.10.0"
      }
    },
    "node_modules/is-potential-custom-element-name": {
      "version": "1.0.1",
      "resolved": "https://registry.npmjs.org/is-potential-custom-element-name/-/is-potential-custom-element-name-1.0.1.tgz",
      "integrity": "sha512-bCYeRA2rVibKZd+s2625gGnGF/t7DSqDs4dP7CrLA1m7jKWz6pps0LpYLJN8Q64HtmPKJ1hrN3nzPNKFEKOUiQ==",
      "license": "MIT"
    },
    "node_modules/js-md5": {
      "version": "0.7.3",
      "resolved": "https://registry.npmjs.org/js-md5/-/js-md5-0.7.3.tgz",
      "integrity": "sha512-ZC41vPSTLKGwIRjqDh8DfXoCrdQIyBgspJVPXHBGu4nZlAEvG3nf+jO9avM9RmLiGakg7vz974ms99nEV0tmTQ==",
      "license": "MIT"
    },
    "node_modules/jsdom": {
      "version": "26.1.0",
      "resolved": "https://registry.npmjs.org/jsdom/-/jsdom-26.1.0.tgz",
      "integrity": "sha512-Cvc9WUhxSMEo4McES3P7oK3QaXldCfNWp7pl2NNeiIFlCoLr3kfq9kb1fxftiwk1FLV7CvpvDfonxtzUDeSOPg==",
      "license": "MIT",
      "dependencies": {
        "cssstyle": "^4.2.1",
        "data-urls": "^5.0.0",
        "decimal.js": "^10.5.0",
        "html-encoding-sniffer": "^4.0.0",
        "http-proxy-agent": "^7.0.2",
        "https-proxy-agent": "^7.0.6",
        "is-potential-custom-element-name": "^1.0.1",
        "nwsapi": "^2.2.16",
        "parse5": "^7.2.1",
        "rrweb-cssom": "^0.8.0",
        "saxes": "^6.0.0",
        "symbol-tree": "^3.2.4",
        "tough-cookie": "^5.1.1",
        "w3c-xmlserializer": "^5.0.0",
        "webidl-conversions": "^7.0.0",
        "whatwg-encoding": "^3.1.1",
        "whatwg-mimetype": "^4.0.0",
        "whatwg-url": "^14.1.1",
        "ws": "^8.18.0",
        "xml-name-validator": "^5.0.0"
      },
      "engines": {
        "node": ">=18"
      },
      "peerDependencies": {
        "canvas": "^3.0.0"
      },
      "peerDependenciesMeta": {
        "canvas": {
          "optional": true
        }
      }
    },
    "node_modules/jwt-decode": {
      "version": "4.0.0",
      "resolved": "https://registry.npmjs.org/jwt-decode/-/jwt-decode-4.0.0.tgz",
      "integrity": "sha512-+KJGIyHgkGuIq3IEBNftfhW/LfWhXUIY6OmyVWjliu5KH1y0fw7VQ8YndE2O4qZdMSd9SqbnC8GOcZEy0Om7sA==",
      "license": "MIT",
      "engines": {
        "node": ">=18"
      }
    },
    "node_modules/lib-jitsi-meet": {
      "version": "0.0.0",
      "resolved": "https://github.com/jitsi/lib-jitsi-meet/releases/download/v2155.0.0%2B9624ece9/lib-jitsi-meet.tgz",
      "integrity": "sha512-Jw/ZQm8VdOSUsSA46R8L51dBi/nn5MQwJHe+O9dXhEkWO4I5G4wRiqNhHLAa+OGR++6s8a0OaU00CaiRkB/36w==",
      "license": "Apache-2.0",
      "dependencies": {
        "@jitsi/js-utils": "^2.6.7",
        "@jitsi/logger": "2.1.1",
        "@jitsi/precall-test": "1.0.6",
        "@jitsi/rtcstats": "9.7.1",
        "@testrtc/watchrtc-sdk": "1.38.2",
        "async-es": "3.2.4",
        "base64-js": "1.5.1",
        "current-executing-script": "0.1.3",
        "emoji-regex": "10.4.0",
        "jwt-decode": "4.0.0",
        "lodash-es": "4.18.1",
        "sdp-transform": "2.3.0",
        "strophe.js": "https://github.com/jitsi/strophejs/releases/download/v1.5-jitsi-3/strophe.js-1.5.0.tgz",
        "uuid": "14.0.0",
        "webrtc-adapter": "8.1.1"
      }
    },
    "node_modules/lodash-es": {
      "version": "4.18.1",
      "resolved": "https://registry.npmjs.org/lodash-es/-/lodash-es-4.18.1.tgz",
      "integrity": "sha512-J8xewKD/Gk22OZbhpOVSwcs60zhd95ESDwezOFuA3/099925PdHJ7OFHNTGtajL3AlZkykD32HykiMo+BIBI8A==",
      "license": "MIT"
    },
    "node_modules/lru-cache": {
      "version": "10.4.3",
      "resolved": "https://registry.npmjs.org/lru-cache/-/lru-cache-10.4.3.tgz",
      "integrity": "sha512-JNAzZcXrCt42VGLuYz0zfAzDfAvJWW6AfYlDBQyDV5DClI2m5sAmK+OIO7s59XfsRsWHp02jAJrRadPRGTt6SQ==",
      "license": "ISC"
    },
    "node_modules/ms": {
      "version": "2.1.3",
      "resolved": "https://registry.npmjs.org/ms/-/ms-2.1.3.tgz",
      "integrity": "sha512-6FlzubTLZG3J2a/NVCAleEhjzq5oxgHyaCU9yYXvcLsvoVaHJq/s5xXI6/XXP6tz7R9xAOtHnSO/tXtF3WRTlA==",
      "license": "MIT"
    },
    "node_modules/nwsapi": {
      "version": "2.2.23",
      "resolved": "https://registry.npmjs.org/nwsapi/-/nwsapi-2.2.23.tgz",
      "integrity": "sha512-7wfH4sLbt4M0gCDzGE6vzQBo0bfTKjU7Sfpqy/7gs1qBfYz2vEJH6vXcBKpO3+6Yu1telwd0t9HpyOoLEQQbIQ==",
      "license": "MIT"
    },
    "node_modules/parse5": {
      "version": "7.3.0",
      "resolved": "https://registry.npmjs.org/parse5/-/parse5-7.3.0.tgz",
      "integrity": "sha512-IInvU7fabl34qmi9gY8XOVxhYyMyuH2xUNpb2q8/Y+7552KlejkRvqvD19nMoUW/uQGGbqNpA6Tufu5FL5BZgw==",
      "license": "MIT",
      "dependencies": {
        "entities": "^6.0.0"
      },
      "funding": {
        "url": "https://github.com/inikulin/parse5?sponsor=1"
      }
    },
    "node_modules/punycode": {
      "version": "2.3.1",
      "resolved": "https://registry.npmjs.org/punycode/-/punycode-2.3.1.tgz",
      "integrity": "sha512-vYt7UD1U9Wg6138shLtLOvdAu+8DsC/ilFtEVHcH+wydcSpNE20AfSOduf6MkRFahL5FY7X1oU7nKVZFtfq8Fg==",
      "license": "MIT",
      "engines": {
        "node": ">=6"
      }
    },
    "node_modules/rrweb-cssom": {
      "version": "0.8.0",
      "resolved": "https://registry.npmjs.org/rrweb-cssom/-/rrweb-cssom-0.8.0.tgz",
      "integrity": "sha512-guoltQEx+9aMf2gDZ0s62EcV8lsXR+0w8915TC3ITdn2YueuNjdAYh/levpU9nFaoChh9RUS5ZdQMrKfVEN9tw==",
      "license": "MIT"
    },
    "node_modules/safer-buffer": {
      "version": "2.1.2",
      "resolved": "https://registry.npmjs.org/safer-buffer/-/safer-buffer-2.1.2.tgz",
      "integrity": "sha512-YZo3K82SD7Riyi0E1EQPojLz7kpepnSQI9IyPbHHg1XXXevb5dJI7tpyN2ADxGcQbHG7vcyRHk0cbwqcQriUtg==",
      "license": "MIT"
    },
    "node_modules/saxes": {
      "version": "6.0.0",
      "resolved": "https://registry.npmjs.org/saxes/-/saxes-6.0.0.tgz",
      "integrity": "sha512-xAg7SOnEhrm5zI3puOOKyy1OMcMlIJZYNJY7xLBwSze0UjhPLnWfj2GF2EpT0jmzaJKIWKHLsaSSajf35bcYnA==",
      "license": "ISC",
      "dependencies": {
        "xmlchars": "^2.2.0"
      },
      "engines": {
        "node": ">=v12.22.7"
      }
    },
    "node_modules/sdp": {
      "version": "3.2.2",
      "resolved": "https://registry.npmjs.org/sdp/-/sdp-3.2.2.tgz",
      "integrity": "sha512-xZocWwfyp4hkbN4hLWxMjmv2Q8aNa9MhmOZ7L9aCZPT+dZsgRr6wZRrSYE3HTdyk/2pZKPSgqI7ns7Een1xMSA==",
      "license": "MIT"
    },
    "node_modules/sdp-transform": {
      "version": "2.3.0",
      "resolved": "https://registry.npmjs.org/sdp-transform/-/sdp-transform-2.3.0.tgz",
      "integrity": "sha512-zR0e9ciWFezeaKLLpWCrOCiYmGIQN9jfO5Ayfs7m5k2/g9b2MEEIvQ/TTmymm167zozTNYSQoLGKDihMoTWkkw==",
      "license": "MIT",
      "bin": {
        "sdp-verify": "checker.js"
      }
    },
    "node_modules/strophe.js": {
      "version": "1.5.0",
      "resolved": "https://github.com/jitsi/strophejs/releases/download/v1.5-jitsi-3/strophe.js-1.5.0.tgz",
      "integrity": "sha512-LNtsu2qioXofCESHqEmLF12DuIK7itMMjxe9aSeQOENz8rCXBY/khV8OKO2xaWBy0QxpQs7nyb7RHefVu9ZlfA==",
      "license": "MIT"
    },
    "node_modules/symbol-tree": {
      "version": "3.2.4",
      "resolved": "https://registry.npmjs.org/symbol-tree/-/symbol-tree-3.2.4.tgz",
      "integrity": "sha512-9QNk5KwDF+Bvz+PyObkmSYjI5ksVUYtjW7AU22r2NKcfLJcXp96hkDWU3+XndOsUb+AQ9QhfzfCT2O+CNWT5Tw==",
      "license": "MIT"
    },
    "node_modules/tldts": {
      "version": "6.1.86",
      "resolved": "https://registry.npmjs.org/tldts/-/tldts-6.1.86.tgz",
      "integrity": "sha512-WMi/OQ2axVTf/ykqCQgXiIct+mSQDFdH2fkwhPwgEwvJ1kSzZRiinb0zF2Xb8u4+OqPChmyI6MEu4EezNJz+FQ==",
      "license": "MIT",
      "dependencies": {
        "tldts-core": "^6.1.86"
      },
      "bin": {
        "tldts": "bin/cli.js"
      }
    },
    "node_modules/tldts-core": {
      "version": "6.1.86",
      "resolved": "https://registry.npmjs.org/tldts-core/-/tldts-core-6.1.86.tgz",
      "integrity": "sha512-Je6p7pkk+KMzMv2XXKmAE3McmolOQFdxkKw0R8EYNr7sELW46JqnNeTX8ybPiQgvg1ymCoF8LXs5fzFaZvJPTA==",
      "license": "MIT"
    },
    "node_modules/tough-cookie": {
      "version": "5.1.2",
      "resolved": "https://registry.npmjs.org/tough-cookie/-/tough-cookie-5.1.2.tgz",
      "integrity": "sha512-FVDYdxtnj0G6Qm/DhNPSb8Ju59ULcup3tuJxkFb5K8Bv2pUXILbf0xZWU8PX8Ov19OXljbUyveOFwRMwkXzO+A==",
      "license": "BSD-3-Clause",
      "dependencies": {
        "tldts": "^6.1.32"
      },
      "engines": {
        "node": ">=16"
      }
    },
    "node_modules/tr46": {
      "version": "5.1.1",
      "resolved": "https://registry.npmjs.org/tr46/-/tr46-5.1.1.tgz",
      "integrity": "sha512-hdF5ZgjTqgAntKkklYw0R03MG2x/bSzTtkxmIRw/sTNV8YXsCJ1tfLAX23lhxhHJlEf3CRCOCGGWw3vI3GaSPw==",
      "license": "MIT",
      "dependencies": {
        "punycode": "^2.3.1"
      },
      "engines": {
        "node": ">=18"
      }
    },
    "node_modules/ua-parser-js": {
      "version": "1.0.35",
      "resolved": "https://registry.npmjs.org/ua-parser-js/-/ua-parser-js-1.0.35.tgz",
      "integrity": "sha512-fKnGuqmTBnIE+/KXSzCn4db8RTigUzw1AN0DmdU6hJovUTbYJKyqj+8Mt1c4VfRDnOVJnENmfYkIPZ946UrSAA==",
      "funding": [
        {
          "type": "opencollective",
          "url": "https://opencollective.com/ua-parser-js"
        },
        {
          "type": "paypal",
          "url": "https://paypal.me/faisalman"
        }
      ],
      "license": "MIT",
      "engines": {
        "node": "*"
      }
    },
    "node_modules/uuid": {
      "version": "14.0.0",
      "resolved": "https://registry.npmjs.org/uuid/-/uuid-14.0.0.tgz",
      "integrity": "sha512-Qo+uWgilfSmAhXCMav1uYFynlQO7fMFiMVZsQqZRMIXp0O7rR7qjkj+cPvBHLgBqi960QCoo/PH2/6ZtVqKvrg==",
      "funding": [
        "https://github.com/sponsors/broofa",
        "https://github.com/sponsors/ctavan"
      ],
      "license": "MIT",
      "bin": {
        "uuid": "dist-node/bin/uuid"
      }
    },
    "node_modules/w3c-xmlserializer": {
      "version": "5.0.0",
      "resolved": "https://registry.npmjs.org/w3c-xmlserializer/-/w3c-xmlserializer-5.0.0.tgz",
      "integrity": "sha512-o8qghlI8NZHU1lLPrpi2+Uq7abh4GGPpYANlalzWxyWteJOCsr/P+oPBA49TOLu5FTZO4d3F9MnWJfiMo4BkmA==",
      "license": "MIT",
      "dependencies": {
        "xml-name-validator": "^5.0.0"
      },
      "engines": {
        "node": ">=18"
      }
    },
    "node_modules/webidl-conversions": {
      "version": "7.0.0",
      "resolved": "https://registry.npmjs.org/webidl-conversions/-/webidl-conversions-7.0.0.tgz",
      "integrity": "sha512-VwddBukDzu71offAQR975unBIGqfKZpM+8ZX6ySk8nYhVoo5CYaZyzt3YBvYtRtO+aoGlqxPg/B87NGVZ/fu6g==",
      "license": "BSD-2-Clause",
      "engines": {
        "node": ">=12"
      }
    },
    "node_modules/webrtc-adapter": {
      "version": "8.1.1",
      "resolved": "https://registry.npmjs.org/webrtc-adapter/-/webrtc-adapter-8.1.1.tgz",
      "integrity": "sha512-1yXevP7TeZGmklEXkvQVrZp3fOSJlLeXNGCA7NovQokxgP3/e2T3EVGL0eKU87S9vKppWjvRWqnJeSANEspOBg==",
      "license": "BSD-3-Clause",
      "dependencies": {
        "sdp": "^3.0.2"
      },
      "engines": {
        "node": ">=6.0.0",
        "npm": ">=3.10.0"
      }
    },
    "node_modules/whatwg-encoding": {
      "version": "3.1.1",
      "resolved": "https://registry.npmjs.org/whatwg-encoding/-/whatwg-encoding-3.1.1.tgz",
      "integrity": "sha512-6qN4hJdMwfYBtE3YBTTHhoeuUrDBPZmbQaxWAqSALV/MeEnR5z1xd8UKud2RAkFoPkmB+hli1TZSnyi84xz1vQ==",
      "deprecated": "Use @exodus/bytes instead for a more spec-conformant and faster implementation",
      "license": "MIT",
      "dependencies": {
        "iconv-lite": "0.6.3"
      },
      "engines": {
        "node": ">=18"
      }
    },
    "node_modules/whatwg-mimetype": {
      "version": "4.0.0",
      "resolved": "https://registry.npmjs.org/whatwg-mimetype/-/whatwg-mimetype-4.0.0.tgz",
      "integrity": "sha512-QaKxh0eNIi2mE9p2vEdzfagOKHCcj1pJ56EEHGQOVxp8r9/iszLUUV7v89x9O1p/T+NlTM5W7jW6+cz4Fq1YVg==",
      "license": "MIT",
      "engines": {
        "node": ">=18"
      }
    },
    "node_modules/whatwg-url": {
      "version": "14.2.0",
      "resolved": "https://registry.npmjs.org/whatwg-url/-/whatwg-url-14.2.0.tgz",
      "integrity": "sha512-De72GdQZzNTUBBChsXueQUnPKDkg/5A5zp7pFDuQAj5UFoENpiACU0wlCvzpAGnTkj++ihpKwKyYewn/XNUbKw==",
      "license": "MIT",
      "dependencies": {
        "tr46": "^5.1.0",
        "webidl-conversions": "^7.0.0"
      },
      "engines": {
        "node": ">=18"
      }
    },
    "node_modules/ws": {
      "version": "8.20.1",
      "resolved": "https://registry.npmjs.org/ws/-/ws-8.20.1.tgz",
      "integrity": "sha512-It4dO0K5v//JtTXuPkfEOaI3uUN87iYPnqo/ZzqCoG3g8uhA66QUMs/SrM0YK7/NAu+r4LMh/9dq2A7k+rHs+w==",
      "license": "MIT",
      "engines": {
        "node": ">=10.0.0"
      },
      "peerDependencies": {
        "bufferutil": "^4.0.1",
        "utf-8-validate": ">=5.0.2"
      },
      "peerDependenciesMeta": {
        "bufferutil": {
          "optional": true
        },
        "utf-8-validate": {
          "optional": true
        }
      }
    },
    "node_modules/xml-name-validator": {
      "version": "5.0.0",
      "resolved": "https://registry.npmjs.org/xml-name-validator/-/xml-name-validator-5.0.0.tgz",
      "integrity": "sha512-EvGK8EJ3DhaHfbRlETOWAS5pO9MZITeauHKJyb8wyajUfQUenkIg2MvLDTZ4T/TgIcm3HU0TFBgWWboAZ30UHg==",
      "license": "Apache-2.0",
      "engines": {
        "node": ">=18"
      }
    },
    "node_modules/xmlchars": {
      "version": "2.2.0",
      "resolved": "https://registry.npmjs.org/xmlchars/-/xmlchars-2.2.0.tgz",
      "integrity": "sha512-JZnDKK8B0RCDw84FNdDAIpZK+JuJw+s7Lz8nksI7SIuU3UXJJslUthsi+uWBUYOwPFwW7W7PRLRfUKpxjtjFCw==",
      "license": "MIT"
    }
  }
}
